{
  "name": "gears-reduction-calculator",
  "version": "1.0.0",
  "lockfileVersion": 3,
  "requires": true,
  "packages": {
    "": {"name":"gears-reduction-calculator","version":"1.0.0","devDependencies":{"@playwright/test":"1.54.2"}},
    "node_modules/@playwright/test": {"version":"1.54.2","dev":true,"dependencies":{"playwright":"1.54.2"},"engines":{"node":">=18"},"bin":{"playwright":"cli.js"}},
    "node_modules/playwright": {"version":"1.54.2","dev":true,"dependencies":{"playwright-core":"1.54.2"},"bin":{"playwright":"cli.js"},"engines":{"node":">=18"}},
    "node_modules/playwright-core": {"version":"1.54.2","dev":true,"bin":{"playwright-core":"cli.js"},"engines":{"node":">=18"}}
  }
}
